
Microsoft Visual Studio Solution File, Format Version 12.00
# Visual Studio 15
VisualStudioVersion = 15.0.28307.960
MinimumVisualStudioVersion = 10.0.40219.1
Project("{FAE04EC0-301F-11D3-BF4B-00C04F79EFBC}") = "SimpleCMS", "SimpleCMS\SimpleCMS.csproj", "{A6C57AA2-D4B0-4B62-9637-C0571905C839}"
EndProject
Global
	GlobalSection(SolutionConfigurationPlatforms) = preSolution
		Debug|Any CPU = Debug|Any CPU
		Release|Any CPU = Release|Any CPU
	EndGlobalSection
	GlobalSection(ProjectConfigurationPlatforms) = postSolution
		{A6C57AA2-D4B0-4B62-9637-C0571905C839}.Debug|Any CPU.ActiveCfg = Debug|Any CPU
		{A6C57AA2-D4B0-4B62-9637-C0571905C839}.Debug|Any CPU.Build.0 = Debug|Any CPU
		{A6C57AA2-D4B0-4B62-9637-C0571905C839}.Release|Any CPU.ActiveCfg = Release|Any CPU
		{A6C57AA2-D4B0-4B62-9637-C0571905C839}.Release|Any CPU.Build.0 = Release|Any CPU
	EndGlobalSection
	GlobalSection(SolutionProperties) = preSolution
		HideSolutionNode = FALSE
	EndGlobalSection
	GlobalSection(ExtensibilityGlobals) = postSolution
		SolutionGuid = {C8B0A83F-A1BE-4E5E-96EC-D846E9212D7E}
	EndGlobalSection
EndGlobal
